
Microsoft Visual Studio Solution File, Format Version 12.00
# Visual Studio 15
VisualStudioVersion = 15.0.26124.0
MinimumVisualStudioVersion = 15.0.26124.0
Project("{FAE04EC0-301F-11D3-BF4B-00C04F79EFBC}") = "Penguin.Robinhood.Local", "Penguin.Robinhood.Local.csproj", "{13127ECE-544A-4A31-9A03-B3CC7EE66BFA}"
EndProject
Project("{FAE04EC0-301F-11D3-BF4B-00C04F79EFBC}") = "Penguin.Collections.Local", "..\Penguin.Collections\Penguin.Collections.Local.csproj", "{3C7A0666-E0A4-4DB6-8113-605F5B7DD323}"
EndProject
Project("{FAE04EC0-301F-11D3-BF4B-00C04F79EFBC}") = "Penguin.Extensions.String.Local", "..\Penguin.Extensions.String\Penguin.Extensions.String.Local.csproj", "{6A8E254D-35DA-47EE-BB12-80C9E08A0FEB}"
EndProject
Project("{FAE04EC0-301F-11D3-BF4B-00C04F79EFBC}") = "Penguin.Web.Http.Local", "..\Penguin.Web.Http\Penguin.Web.Http.Local.csproj", "{A7E008D6-2DB5-4E12-B728-2A82B50CA89E}"
EndProject
Project("{FAE04EC0-301F-11D3-BF4B-00C04F79EFBC}") = "Penguin.Web.JsonClient.Local", "..\Penguin.Web.JsonClient\Penguin.Web.JsonClient.Local.csproj", "{A274D5E2-21CD-43BA-8F3F-A201C846A51B}"
EndProject
Project("{FAE04EC0-301F-11D3-BF4B-00C04F79EFBC}") = "Penguin.Json.Local", "..\Penguin.Json\Penguin.Json.Local.csproj", "{852092F9-BB22-4AE2-8689-282C4B87FABF}"
EndProject
Project("{FAE04EC0-301F-11D3-BF4B-00C04F79EFBC}") = "Penguin.SystemExtensions.Abstractions.Local", "..\Penguin.SystemExtensions.Abstractions\Penguin.SystemExtensions.Abstractions.Local.csproj", "{7F40BD08-9F30-4C58-8B14-3B6ABB795252}"
EndProject
Project("{FAE04EC0-301F-11D3-BF4B-00C04F79EFBC}") = "Penguin.Reflection.Local", "..\Penguin.Reflection\Penguin.Reflection.Local.csproj", "{8708681D-AA43-4F2C-948D-D8123C5F7F31}"
EndProject
Project("{FAE04EC0-301F-11D3-BF4B-00C04F79EFBC}") = "Penguin.Reflection.Abstractions.Local", "..\Penguin.Reflection.Abstractions\Penguin.Reflection.Abstractions.Local.csproj", "{F1D10D01-C762-4B9C-B2B6-DADBE2F71B5D}"
EndProject
Project("{FAE04EC0-301F-11D3-BF4B-00C04F79EFBC}") = "Penguin.Debugging.Local", "..\Penguin.Debugging\Penguin.Debugging.Local.csproj", "{45BAB624-DCEC-4E96-B31F-7BB77F14A4F5}"
EndProject
Project("{FAE04EC0-301F-11D3-BF4B-00C04F79EFBC}") = "Penguin.Extensions.Exceptions.Local", "..\Penguin.Extensions.Exceptions\Penguin.Extensions.Exceptions.Local.csproj", "{B18DDD60-6EA7-4450-8814-72228CE045B0}"
EndProject
Project("{FAE04EC0-301F-11D3-BF4B-00C04F79EFBC}") = "Penguin.Json.Abstractions.Local", "..\Penguin.Json.Abstractions\Penguin.Json.Abstractions.Local.csproj", "{1D7B22D7-9BFB-4434-819F-A0BACB10D91E}"
EndProject
Project("{FAE04EC0-301F-11D3-BF4B-00C04F79EFBC}") = "Penguin.Reflection.Extensions.Local", "..\Penguin.Reflection.Extensions\Penguin.Reflection.Extensions.Local.csproj", "{8CB13921-0650-468E-8774-82DF61DDDE05}"
EndProject
Project("{FAE04EC0-301F-11D3-BF4B-00C04F79EFBC}") = "Penguin.Web.WebClientEx.Local", "..\Penguin.Web.WebClientEx\Penguin.Web.WebClientEx.Local.csproj", "{A3C9EBA1-A53B-4621-924D-FC09A5B47B85}"
EndProject
Global
	GlobalSection(SolutionConfigurationPlatforms) = preSolution
		Debug|Any CPU = Debug|Any CPU
		Debug|x64 = Debug|x64
		Debug|x86 = Debug|x86
		Release|Any CPU = Release|Any CPU
		Release|x64 = Release|x64
		Release|x86 = Release|x86
	EndGlobalSection
	GlobalSection(SolutionProperties) = preSolution
		HideSolutionNode = FALSE
	EndGlobalSection
	GlobalSection(ProjectConfigurationPlatforms) = postSolution
		{13127ECE-544A-4A31-9A03-B3CC7EE66BFA}.Debug|Any CPU.ActiveCfg = Debug|Any CPU
		{13127ECE-544A-4A31-9A03-B3CC7EE66BFA}.Debug|Any CPU.Build.0 = Debug|Any CPU
		{13127ECE-544A-4A31-9A03-B3CC7EE66BFA}.Debug|x64.ActiveCfg = Debug|Any CPU
		{13127ECE-544A-4A31-9A03-B3CC7EE66BFA}.Debug|x64.Build.0 = Debug|Any CPU
		{13127ECE-544A-4A31-9A03-B3CC7EE66BFA}.Debug|x86.ActiveCfg = Debug|Any CPU
		{13127ECE-544A-4A31-9A03-B3CC7EE66BFA}.Debug|x86.Build.0 = Debug|Any CPU
		{13127ECE-544A-4A31-9A03-B3CC7EE66BFA}.Release|Any CPU.ActiveCfg = Release|Any CPU
		{13127ECE-544A-4A31-9A03-B3CC7EE66BFA}.Release|Any CPU.Build.0 = Release|Any CPU
		{13127ECE-544A-4A31-9A03-B3CC7EE66BFA}.Release|x64.ActiveCfg = Release|Any CPU
		{13127ECE-544A-4A31-9A03-B3CC7EE66BFA}.Release|x64.Build.0 = Release|Any CPU
		{13127ECE-544A-4A31-9A03-B3CC7EE66BFA}.Release|x86.ActiveCfg = Release|Any CPU
		{13127ECE-544A-4A31-9A03-B3CC7EE66BFA}.Release|x86.Build.0 = Release|Any CPU
		{3C7A0666-E0A4-4DB6-8113-605F5B7DD323}.Debug|Any CPU.ActiveCfg = Debug|Any CPU
		{3C7A0666-E0A4-4DB6-8113-605F5B7DD323}.Debug|Any CPU.Build.0 = Debug|Any CPU
		{3C7A0666-E0A4-4DB6-8113-605F5B7DD323}.Debug|x64.ActiveCfg = Debug|Any CPU
		{3C7A0666-E0A4-4DB6-8113-605F5B7DD323}.Debug|x64.Build.0 = Debug|Any CPU
		{3C7A0666-E0A4-4DB6-8113-605F5B7DD323}.Debug|x86.ActiveCfg = Debug|Any CPU
		{3C7A0666-E0A4-4DB6-8113-605F5B7DD323}.Debug|x86.Build.0 = Debug|Any CPU
		{3C7A0666-E0A4-4DB6-8113-605F5B7DD323}.Release|Any CPU.ActiveCfg = Release|Any CPU
		{3C7A0666-E0A4-4DB6-8113-605F5B7DD323}.Release|Any CPU.Build.0 = Release|Any CPU
		{3C7A0666-E0A4-4DB6-8113-605F5B7DD323}.Release|x64.ActiveCfg = Release|Any CPU
		{3C7A0666-E0A4-4DB6-8113-605F5B7DD323}.Release|x64.Build.0 = Release|Any CPU
		{3C7A0666-E0A4-4DB6-8113-605F5B7DD323}.Release|x86.ActiveCfg = Release|Any CPU
		{3C7A0666-E0A4-4DB6-8113-605F5B7DD323}.Release|x86.Build.0 = Release|Any CPU
		{6A8E254D-35DA-47EE-BB12-80C9E08A0FEB}.Debug|Any CPU.ActiveCfg = Debug|Any CPU
		{6A8E254D-35DA-47EE-BB12-80C9E08A0FEB}.Debug|Any CPU.Build.0 = Debug|Any CPU
		{6A8E254D-35DA-47EE-BB12-80C9E08A0FEB}.Debug|x64.ActiveCfg = Debug|Any CPU
		{6A8E254D-35DA-47EE-BB12-80C9E08A0FEB}.Debug|x64.Build.0 = Debug|Any CPU
		{6A8E254D-35DA-47EE-BB12-80C9E08A0FEB}.Debug|x86.ActiveCfg = Debug|Any CPU
		{6A8E254D-35DA-47EE-BB12-80C9E08A0FEB}.Debug|x86.Build.0 = Debug|Any CPU
		{6A8E254D-35DA-47EE-BB12-80C9E08A0FEB}.Release|Any CPU.ActiveCfg = Release|Any CPU
		{6A8E254D-35DA-47EE-BB12-80C9E08A0FEB}.Release|Any CPU.Build.0 = Release|Any CPU
		{6A8E254D-35DA-47EE-BB12-80C9E08A0FEB}.Release|x64.ActiveCfg = Release|Any CPU
		{6A8E254D-35DA-47EE-BB12-80C9E08A0FEB}.Release|x64.Build.0 = Release|Any CPU
		{6A8E254D-35DA-47EE-BB12-80C9E08A0FEB}.Release|x86.ActiveCfg = Release|Any CPU
		{6A8E254D-35DA-47EE-BB12-80C9E08A0FEB}.Release|x86.Build.0 = Release|Any CPU
		{A7E008D6-2DB5-4E12-B728-2A82B50CA89E}.Debug|Any CPU.ActiveCfg = Debug|Any CPU
		{A7E008D6-2DB5-4E12-B728-2A82B50CA89E}.Debug|Any CPU.Build.0 = Debug|Any CPU
		{A7E008D6-2DB5-4E12-B728-2A82B50CA89E}.Debug|x64.ActiveCfg = Debug|Any CPU
		{A7E008D6-2DB5-4E12-B728-2A82B50CA89E}.Debug|x64.Build.0 = Debug|Any CPU
		{A7E008D6-2DB5-4E12-B728-2A82B50CA89E}.Debug|x86.ActiveCfg = Debug|Any CPU
		{A7E008D6-2DB5-4E12-B728-2A82B50CA89E}.Debug|x86.Build.0 = Debug|Any CPU
		{A7E008D6-2DB5-4E12-B728-2A82B50CA89E}.Release|Any CPU.ActiveCfg = Release|Any CPU
		{A7E008D6-2DB5-4E12-B728-2A82B50CA89E}.Release|Any CPU.Build.0 = Release|Any CPU
		{A7E008D6-2DB5-4E12-B728-2A82B50CA89E}.Release|x64.ActiveCfg = Release|Any CPU
		{A7E008D6-2DB5-4E12-B728-2A82B50CA89E}.Release|x64.Build.0 = Release|Any CPU
		{A7E008D6-2DB5-4E12-B728-2A82B50CA89E}.Release|x86.ActiveCfg = Release|Any CPU
		{A7E008D6-2DB5-4E12-B728-2A82B50CA89E}.Release|x86.Build.0 = Release|Any CPU
		{A274D5E2-21CD-43BA-8F3F-A201C846A51B}.Debug|Any CPU.ActiveCfg = Debug|Any CPU
		{A274D5E2-21CD-43BA-8F3F-A201C846A51B}.Debug|Any CPU.Build.0 = Debug|Any CPU
		{A274D5E2-21CD-43BA-8F3F-A201C846A51B}.Debug|x64.ActiveCfg = Debug|Any CPU
		{A274D5E2-21CD-43BA-8F3F-A201C846A51B}.Debug|x64.Build.0 = Debug|Any CPU
		{A274D5E2-21CD-43BA-8F3F-A201C846A51B}.Debug|x86.ActiveCfg = Debug|Any CPU
		{A274D5E2-21CD-43BA-8F3F-A201C846A51B}.Debug|x86.Build.0 = Debug|Any CPU
		{A274D5E2-21CD-43BA-8F3F-A201C846A51B}.Release|Any CPU.ActiveCfg = Release|Any CPU
		{A274D5E2-21CD-43BA-8F3F-A201C846A51B}.Release|Any CPU.Build.0 = Release|Any CPU
		{A274D5E2-21CD-43BA-8F3F-A201C846A51B}.Release|x64.ActiveCfg = Release|Any CPU
		{A274D5E2-21CD-43BA-8F3F-A201C846A51B}.Release|x64.Build.0 = Release|Any CPU
		{A274D5E2-21CD-43BA-8F3F-A201C846A51B}.Release|x86.ActiveCfg = Release|Any CPU
		{A274D5E2-21CD-43BA-8F3F-A201C846A51B}.Release|x86.Build.0 = Release|Any CPU
		{852092F9-BB22-4AE2-8689-282C4B87FABF}.Debug|Any CPU.ActiveCfg = Debug|Any CPU
		{852092F9-BB22-4AE2-8689-282C4B87FABF}.Debug|Any CPU.Build.0 = Debug|Any CPU
		{852092F9-BB22-4AE2-8689-282C4B87FABF}.Debug|x64.ActiveCfg = Debug|Any CPU
		{852092F9-BB22-4AE2-8689-282C4B87FABF}.Debug|x64.Build.0 = Debug|Any CPU
		{852092F9-BB22-4AE2-8689-282C4B87FABF}.Debug|x86.ActiveCfg = Debug|Any CPU
		{852092F9-BB22-4AE2-8689-282C4B87FABF}.Debug|x86.Build.0 = Debug|Any CPU
		{852092F9-BB22-4AE2-8689-282C4B87FABF}.Release|Any CPU.ActiveCfg = Release|Any CPU
		{852092F9-BB22-4AE2-8689-282C4B87FABF}.Release|Any CPU.Build.0 = Release|Any CPU
		{852092F9-BB22-4AE2-8689-282C4B87FABF}.Release|x64.ActiveCfg = Release|Any CPU
		{852092F9-BB22-4AE2-8689-282C4B87FABF}.Release|x64.Build.0 = Release|Any CPU
		{852092F9-BB22-4AE2-8689-282C4B87FABF}.Release|x86.ActiveCfg = Release|Any CPU
		{852092F9-BB22-4AE2-8689-282C4B87FABF}.Release|x86.Build.0 = Release|Any CPU
		{7F40BD08-9F30-4C58-8B14-3B6ABB795252}.Debug|Any CPU.ActiveCfg = Debug|Any CPU
		{7F40BD08-9F30-4C58-8B14-3B6ABB795252}.Debug|Any CPU.Build.0 = Debug|Any CPU
		{7F40BD08-9F30-4C58-8B14-3B6ABB795252}.Debug|x64.ActiveCfg = Debug|Any CPU
		{7F40BD08-9F30-4C58-8B14-3B6ABB795252}.Debug|x64.Build.0 = Debug|Any CPU
		{7F40BD08-9F30-4C58-8B14-3B6ABB795252}.Debug|x86.ActiveCfg = Debug|Any CPU
		{7F40BD08-9F30-4C58-8B14-3B6ABB795252}.Debug|x86.Build.0 = Debug|Any CPU
		{7F40BD08-9F30-4C58-8B14-3B6ABB795252}.Release|Any CPU.ActiveCfg = Release|Any CPU
		{7F40BD08-9F30-4C58-8B14-3B6ABB795252}.Release|Any CPU.Build.0 = Release|Any CPU
		{7F40BD08-9F30-4C58-8B14-3B6ABB795252}.Release|x64.ActiveCfg = Release|Any CPU
		{7F40BD08-9F30-4C58-8B14-3B6ABB795252}.Release|x64.Build.0 = Release|Any CPU
		{7F40BD08-9F30-4C58-8B14-3B6ABB795252}.Release|x86.ActiveCfg = Release|Any CPU
		{7F40BD08-9F30-4C58-8B14-3B6ABB795252}.Release|x86.Build.0 = Release|Any CPU
		{8708681D-AA43-4F2C-948D-D8123C5F7F31}.Debug|Any CPU.ActiveCfg = Debug|Any CPU
		{8708681D-AA43-4F2C-948D-D8123C5F7F31}.Debug|Any CPU.Build.0 = Debug|Any CPU
		{8708681D-AA43-4F2C-948D-D8123C5F7F31}.Debug|x64.ActiveCfg = Debug|Any CPU
		{8708681D-AA43-4F2C-948D-D8123C5F7F31}.Debug|x64.Build.0 = Debug|Any CPU
		{8708681D-AA43-4F2C-948D-D8123C5F7F31}.Debug|x86.ActiveCfg = Debug|Any CPU
		{8708681D-AA43-4F2C-948D-D8123C5F7F31}.Debug|x86.Build.0 = Debug|Any CPU
		{8708681D-AA43-4F2C-948D-D8123C5F7F31}.Release|Any CPU.ActiveCfg = Release|Any CPU
		{8708681D-AA43-4F2C-948D-D8123C5F7F31}.Release|Any CPU.Build.0 = Release|Any CPU
		{8708681D-AA43-4F2C-948D-D8123C5F7F31}.Release|x64.ActiveCfg = Release|Any CPU
		{8708681D-AA43-4F2C-948D-D8123C5F7F31}.Release|x64.Build.0 = Release|Any CPU
		{8708681D-AA43-4F2C-948D-D8123C5F7F31}.Release|x86.ActiveCfg = Release|Any CPU
		{8708681D-AA43-4F2C-948D-D8123C5F7F31}.Release|x86.Build.0 = Release|Any CPU
		{F1D10D01-C762-4B9C-B2B6-DADBE2F71B5D}.Debug|Any CPU.ActiveCfg = Debug|Any CPU
		{F1D10D01-C762-4B9C-B2B6-DADBE2F71B5D}.Debug|Any CPU.Build.0 = Debug|Any CPU
		{F1D10D01-C762-4B9C-B2B6-DADBE2F71B5D}.Debug|x64.ActiveCfg = Debug|Any CPU
		{F1D10D01-C762-4B9C-B2B6-DADBE2F71B5D}.Debug|x64.Build.0 = Debug|Any CPU
		{F1D10D01-C762-4B9C-B2B6-DADBE2F71B5D}.Debug|x86.ActiveCfg = Debug|Any CPU
		{F1D10D01-C762-4B9C-B2B6-DADBE2F71B5D}.Debug|x86.Build.0 = Debug|Any CPU
		{F1D10D01-C762-4B9C-B2B6-DADBE2F71B5D}.Release|Any CPU.ActiveCfg = Release|Any CPU
		{F1D10D01-C762-4B9C-B2B6-DADBE2F71B5D}.Release|Any CPU.Build.0 = Release|Any CPU
		{F1D10D01-C762-4B9C-B2B6-DADBE2F71B5D}.Release|x64.ActiveCfg = Release|Any CPU
		{F1D10D01-C762-4B9C-B2B6-DADBE2F71B5D}.Release|x64.Build.0 = Release|Any CPU
		{F1D10D01-C762-4B9C-B2B6-DADBE2F71B5D}.Release|x86.ActiveCfg = Release|Any CPU
		{F1D10D01-C762-4B9C-B2B6-DADBE2F71B5D}.Release|x86.Build.0 = Release|Any CPU
		{45BAB624-DCEC-4E96-B31F-7BB77F14A4F5}.Debug|Any CPU.ActiveCfg = Debug|Any CPU
		{45BAB624-DCEC-4E96-B31F-7BB77F14A4F5}.Debug|Any CPU.Build.0 = Debug|Any CPU
		{45BAB624-DCEC-4E96-B31F-7BB77F14A4F5}.Debug|x64.ActiveCfg = Debug|Any CPU
		{45BAB624-DCEC-4E96-B31F-7BB77F14A4F5}.Debug|x64.Build.0 = Debug|Any CPU
		{45BAB624-DCEC-4E96-B31F-7BB77F14A4F5}.Debug|x86.ActiveCfg = Debug|Any CPU
		{45BAB624-DCEC-4E96-B31F-7BB77F14A4F5}.Debug|x86.Build.0 = Debug|Any CPU
		{45BAB624-DCEC-4E96-B31F-7BB77F14A4F5}.Release|Any CPU.ActiveCfg = Release|Any CPU
		{45BAB624-DCEC-4E96-B31F-7BB77F14A4F5}.Release|Any CPU.Build.0 = Release|Any CPU
		{45BAB624-DCEC-4E96-B31F-7BB77F14A4F5}.Release|x64.ActiveCfg = Release|Any CPU
		{45BAB624-DCEC-4E96-B31F-7BB77F14A4F5}.Release|x64.Build.0 = Release|Any CPU
		{45BAB624-DCEC-4E96-B31F-7BB77F14A4F5}.Release|x86.ActiveCfg = Release|Any CPU
		{45BAB624-DCEC-4E96-B31F-7BB77F14A4F5}.Release|x86.Build.0 = Release|Any CPU
		{B18DDD60-6EA7-4450-8814-72228CE045B0}.Debug|Any CPU.ActiveCfg = Debug|Any CPU
		{B18DDD60-6EA7-4450-8814-72228CE045B0}.Debug|Any CPU.Build.0 = Debug|Any CPU
		{B18DDD60-6EA7-4450-8814-72228CE045B0}.Debug|x64.ActiveCfg = Debug|Any CPU
		{B18DDD60-6EA7-4450-8814-72228CE045B0}.Debug|x64.Build.0 = Debug|Any CPU
		{B18DDD60-6EA7-4450-8814-72228CE045B0}.Debug|x86.ActiveCfg = Debug|Any CPU
		{B18DDD60-6EA7-4450-8814-72228CE045B0}.Debug|x86.Build.0 = Debug|Any CPU
		{B18DDD60-6EA7-4450-8814-72228CE045B0}.Release|Any CPU.ActiveCfg = Release|Any CPU
		{B18DDD60-6EA7-4450-8814-72228CE045B0}.Release|Any CPU.Build.0 = Release|Any CPU
		{B18DDD60-6EA7-4450-8814-72228CE045B0}.Release|x64.ActiveCfg = Release|Any CPU
		{B18DDD60-6EA7-4450-8814-72228CE045B0}.Release|x64.Build.0 = Release|Any CPU
		{B18DDD60-6EA7-4450-8814-72228CE045B0}.Release|x86.ActiveCfg = Release|Any CPU
		{B18DDD60-6EA7-4450-8814-72228CE045B0}.Release|x86.Build.0 = Release|Any CPU
		{1D7B22D7-9BFB-4434-819F-A0BACB10D91E}.Debug|Any CPU.ActiveCfg = Debug|Any CPU
		{1D7B22D7-9BFB-4434-819F-A0BACB10D91E}.Debug|Any CPU.Build.0 = Debug|Any CPU
		{1D7B22D7-9BFB-4434-819F-A0BACB10D91E}.Debug|x64.ActiveCfg = Debug|Any CPU
		{1D7B22D7-9BFB-4434-819F-A0BACB10D91E}.Debug|x64.Build.0 = Debug|Any CPU
		{1D7B22D7-9BFB-4434-819F-A0BACB10D91E}.Debug|x86.ActiveCfg = Debug|Any CPU
		{1D7B22D7-9BFB-4434-819F-A0BACB10D91E}.Debug|x86.Build.0 = Debug|Any CPU
		{1D7B22D7-9BFB-4434-819F-A0BACB10D91E}.Release|Any CPU.ActiveCfg = Release|Any CPU
		{1D7B22D7-9BFB-4434-819F-A0BACB10D91E}.Release|Any CPU.Build.0 = Release|Any CPU
		{1D7B22D7-9BFB-4434-819F-A0BACB10D91E}.Release|x64.ActiveCfg = Release|Any CPU
		{1D7B22D7-9BFB-4434-819F-A0BACB10D91E}.Release|x64.Build.0 = Release|Any CPU
		{1D7B22D7-9BFB-4434-819F-A0BACB10D91E}.Release|x86.ActiveCfg = Release|Any CPU
		{1D7B22D7-9BFB-4434-819F-A0BACB10D91E}.Release|x86.Build.0 = Release|Any CPU
		{8CB13921-0650-468E-8774-82DF61DDDE05}.Debug|Any CPU.ActiveCfg = Debug|Any CPU
		{8CB13921-0650-468E-8774-82DF61DDDE05}.Debug|Any CPU.Build.0 = Debug|Any CPU
		{8CB13921-0650-468E-8774-82DF61DDDE05}.Debug|x64.ActiveCfg = Debug|Any CPU
		{8CB13921-0650-468E-8774-82DF61DDDE05}.Debug|x64.Build.0 = Debug|Any CPU
		{8CB13921-0650-468E-8774-82DF61DDDE05}.Debug|x86.ActiveCfg = Debug|Any CPU
		{8CB13921-0650-468E-8774-82DF61DDDE05}.Debug|x86.Build.0 = Debug|Any CPU
		{8CB13921-0650-468E-8774-82DF61DDDE05}.Release|Any CPU.ActiveCfg = Release|Any CPU
		{8CB13921-0650-468E-8774-82DF61DDDE05}.Release|Any CPU.Build.0 = Release|Any CPU
		{8CB13921-0650-468E-8774-82DF61DDDE05}.Release|x64.ActiveCfg = Release|Any CPU
		{8CB13921-0650-468E-8774-82DF61DDDE05}.Release|x64.Build.0 = Release|Any CPU
		{8CB13921-0650-468E-8774-82DF61DDDE05}.Release|x86.ActiveCfg = Release|Any CPU
		{8CB13921-0650-468E-8774-82DF61DDDE05}.Release|x86.Build.0 = Release|Any CPU
		{A3C9EBA1-A53B-4621-924D-FC09A5B47B85}.Debug|Any CPU.ActiveCfg = Debug|Any CPU
		{A3C9EBA1-A53B-4621-924D-FC09A5B47B85}.Debug|Any CPU.Build.0 = Debug|Any CPU
		{A3C9EBA1-A53B-4621-924D-FC09A5B47B85}.Debug|x64.ActiveCfg = Debug|Any CPU
		{A3C9EBA1-A53B-4621-924D-FC09A5B47B85}.Debug|x64.Build.0 = Debug|Any CPU
		{A3C9EBA1-A53B-4621-924D-FC09A5B47B85}.Debug|x86.ActiveCfg = Debug|Any CPU
		{A3C9EBA1-A53B-4621-924D-FC09A5B47B85}.Debug|x86.Build.0 = Debug|Any CPU
		{A3C9EBA1-A53B-4621-924D-FC09A5B47B85}.Release|Any CPU.ActiveCfg = Release|Any CPU
		{A3C9EBA1-A53B-4621-924D-FC09A5B47B85}.Release|Any CPU.Build.0 = Release|Any CPU
		{A3C9EBA1-A53B-4621-924D-FC09A5B47B85}.Release|x64.ActiveCfg = Release|Any CPU
		{A3C9EBA1-A53B-4621-924D-FC09A5B47B85}.Release|x64.Build.0 = Release|Any CPU
		{A3C9EBA1-A53B-4621-924D-FC09A5B47B85}.Release|x86.ActiveCfg = Release|Any CPU
		{A3C9EBA1-A53B-4621-924D-FC09A5B47B85}.Release|x86.Build.0 = Release|Any CPU
	EndGlobalSection
EndGlobal
